
Microsoft Visual Studio Solution File, Format Version 12.00
# Visual Studio Version 16
VisualStudioVersion = 16.0.31410.357
MinimumVisualStudioVersion = 10.0.40219.1
Project("{FAE04EC0-301F-11D3-BF4B-00C04F79EFBC}") = "AzureSignToolClickOnce", "AzureSignToolClickOnce\AzureSignToolClickOnce.csproj", "{9B4FDB28-F181-44F1-B634-DF7C5F2B8238}"
EndProject
Global
	GlobalSection(SolutionConfigurationPlatforms) = preSolution
		Debug|Any CPU = Debug|Any CPU
		Release|Any CPU = Release|Any CPU
	EndGlobalSection
	GlobalSection(ProjectConfigurationPlatforms) = postSolution
		{9B4FDB28-F181-44F1-B634-DF7C5F2B8238}.Debug|Any CPU.ActiveCfg = Debug|Any CPU
		{9B4FDB28-F181-44F1-B634-DF7C5F2B8238}.Debug|Any CPU.Build.0 = Debug|Any CPU
		{9B4FDB28-F181-44F1-B634-DF7C5F2B8238}.Release|Any CPU.ActiveCfg = Release|Any CPU
		{9B4FDB28-F181-44F1-B634-DF7C5F2B8238}.Release|Any CPU.Build.0 = Release|Any CPU
	EndGlobalSection
	GlobalSection(SolutionProperties) = preSolution
		HideSolutionNode = FALSE
	EndGlobalSection
	GlobalSection(ExtensibilityGlobals) = postSolution
		SolutionGuid = {FDFF3D49-B129-45A9-9E06-4BE11C9DCCF1}
	EndGlobalSection
EndGlobal
